// !$*UTF8*$!
{
	archiveVersion = 1;
	classes = {
	};
	objectVersion = 52;
	objects = {

/* Begin PBXBuildFile section */
		F820AE7026BF679E00DF0B6E /* StackChartView.swift in Sources */ = {isa = PBXBuildFile; fileRef = F820AE6F26BF679E00DF0B6E /* StackChartView.swift */; };
		F820AE7226BF686D00DF0B6E /* StackChartSource.swift in Sources */ = {isa = PBXBuildFile; fileRef = F820AE7126BF686D00DF0B6E /* StackChartSource.swift */; };
		F821484C26FAE3E10038448C /* AccountDatabaseChangeInfo.swift in Sources */ = {isa = PBXBuildFile; fileRef = F821484B26FAE3E10038448C /* AccountDatabaseChangeInfo.swift */; };
		F82AE1FD269C8B40007B51D4 /* SidebarView.swift in Sources */ = {isa = PBXBuildFile; fileRef = F82AE1FC269C8B40007B51D4 /* SidebarView.swift */; };
		F862CD5726F8E87C00155FA8 /* AccountDetailView.swift in Sources */ = {isa = PBXBuildFile; fileRef = F862CD5626F8E87C00155FA8 /* AccountDetailView.swift */; };
		F862CD5926F8F08E00155FA8 /* AccountDatabaseTests.swift in Sources */ = {isa = PBXBuildFile; fileRef = F862CD5826F8F08E00155FA8 /* AccountDatabaseTests.swift */; };
		F862CD5D26F953BB00155FA8 /* AccountDetailModel.swift in Sources */ = {isa = PBXBuildFile; fileRef = F862CD5C26F953BB00155FA8 /* AccountDetailModel.swift */; };
		F86C464C26AF01F300AB8CFD /* MonthlyAggregator.swift in Sources */ = {isa = PBXBuildFile; fileRef = F86C464B26AF01F300AB8CFD /* MonthlyAggregator.swift */; };
		F86C464D26AF01F300AB8CFD /* MonthlyAggregator.swift in Sources */ = {isa = PBXBuildFile; fileRef = F86C464B26AF01F300AB8CFD /* MonthlyAggregator.swift */; };
		F86C464F26AF020800AB8CFD /* AggregatorProtocol.swift in Sources */ = {isa = PBXBuildFile; fileRef = F86C464E26AF020800AB8CFD /* AggregatorProtocol.swift */; };
		F86C465026AF020800AB8CFD /* AggregatorProtocol.swift in Sources */ = {isa = PBXBuildFile; fileRef = F86C464E26AF020800AB8CFD /* AggregatorProtocol.swift */; };
		F87C2B7226C6C8D800405351 /* IOTableProxy.swift in Sources */ = {isa = PBXBuildFile; fileRef = F87C2B7126C6C8D800405351 /* IOTableProxy.swift */; };
		F87C2B7326C89C2700405351 /* IOTableProxy.swift in Sources */ = {isa = PBXBuildFile; fileRef = F87C2B7126C6C8D800405351 /* IOTableProxy.swift */; };
		F87EC77C26C1DDDC008E60CD /* CategoryAggregator.swift in Sources */ = {isa = PBXBuildFile; fileRef = F87EC77B26C1DDDC008E60CD /* CategoryAggregator.swift */; };
		F87EC77D26C42248008E60CD /* CategoryAggregator.swift in Sources */ = {isa = PBXBuildFile; fileRef = F87EC77B26C1DDDC008E60CD /* CategoryAggregator.swift */; };
		F8948EFB26BB4E780000DA0F /* DetailView.swift in Sources */ = {isa = PBXBuildFile; fileRef = F8948EFA26BB4E780000DA0F /* DetailView.swift */; };
		F8948EFD26BCA0780000DA0F /* RecordCollectionProtocol.swift in Sources */ = {isa = PBXBuildFile; fileRef = F8948EFC26BCA0780000DA0F /* RecordCollectionProtocol.swift */; };
		F8948EFE26BDF2710000DA0F /* RecordCollectionProtocol.swift in Sources */ = {isa = PBXBuildFile; fileRef = F8948EFC26BCA0780000DA0F /* RecordCollectionProtocol.swift */; };
		F8D57A2926F71AD500058F37 /* MonthlyAggregatorTests.swift in Sources */ = {isa = PBXBuildFile; fileRef = F8D57A2826F71AD500058F37 /* MonthlyAggregatorTests.swift */; };
		F8D57A2B26F7290700058F37 /* StubbedDatabase.swift in Sources */ = {isa = PBXBuildFile; fileRef = F8D57A2A26F7290700058F37 /* StubbedDatabase.swift */; };
		F8D57A2D26F73DBF00058F37 /* CategoryAggregatorTests.swift in Sources */ = {isa = PBXBuildFile; fileRef = F8D57A2C26F73DBF00058F37 /* CategoryAggregatorTests.swift */; };
		F8D57A3126F7488000058F37 /* DateFileterTests.swift in Sources */ = {isa = PBXBuildFile; fileRef = F8D57A3026F7488000058F37 /* DateFileterTests.swift */; };
		F8D57A3326F74DBE00058F37 /* CategoryFilterTests.swift in Sources */ = {isa = PBXBuildFile; fileRef = F8D57A3226F74DBE00058F37 /* CategoryFilterTests.swift */; };
		F8D57A3526F86E9000058F37 /* HighlightsView.swift in Sources */ = {isa = PBXBuildFile; fileRef = F8D57A3426F86E9000058F37 /* HighlightsView.swift */; };
		F8D57A3726F86EBA00058F37 /* BookView.swift in Sources */ = {isa = PBXBuildFile; fileRef = F8D57A3626F86EBA00058F37 /* BookView.swift */; };
		F8D57A3926F86EE300058F37 /* StatisticsView.swift in Sources */ = {isa = PBXBuildFile; fileRef = F8D57A3826F86EE300058F37 /* StatisticsView.swift */; };
		F8D57A3C26F8763700058F37 /* BookItemView.swift in Sources */ = {isa = PBXBuildFile; fileRef = F8D57A3B26F8763700058F37 /* BookItemView.swift */; };
		F8D57A3E26F8769200058F37 /* BookItem.swift in Sources */ = {isa = PBXBuildFile; fileRef = F8D57A3D26F8769200058F37 /* BookItem.swift */; };
		F8EEA48B269AA0CF0067C5A4 /* AccountBookApp.swift in Sources */ = {isa = PBXBuildFile; fileRef = F8EEA48A269AA0CF0067C5A4 /* AccountBookApp.swift */; };
		F8EEA48D269AA0CF0067C5A4 /* ContentView.swift in Sources */ = {isa = PBXBuildFile; fileRef = F8EEA48C269AA0CF0067C5A4 /* ContentView.swift */; };
		F8EEA48F269AA0D10067C5A4 /* Assets.xcassets in Resources */ = {isa = PBXBuildFile; fileRef = F8EEA48E269AA0D10067C5A4 /* Assets.xcassets */; };
		F8EEA492269AA0D10067C5A4 /* Preview Assets.xcassets in Resources */ = {isa = PBXBuildFile; fileRef = F8EEA491269AA0D10067C5A4 /* Preview Assets.xcassets */; };
		F8EEA49E269AA0D10067C5A4 /* AccountBookTests.swift in Sources */ = {isa = PBXBuildFile; fileRef = F8EEA49D269AA0D10067C5A4 /* AccountBookTests.swift */; };
		F8EEA4BB269AA2950067C5A4 /* AccountDatabase.swift in Sources */ = {isa = PBXBuildFile; fileRef = F8EEA4BA269AA2950067C5A4 /* AccountDatabase.swift */; };
		F8EEA4BC269AA2950067C5A4 /* AccountDatabase.swift in Sources */ = {isa = PBXBuildFile; fileRef = F8EEA4BA269AA2950067C5A4 /* AccountDatabase.swift */; };
		F8EEA4BE269AA2FD0067C5A4 /* AccountRecord.swift in Sources */ = {isa = PBXBuildFile; fileRef = F8EEA4BD269AA2FD0067C5A4 /* AccountRecord.swift */; };
		F8EEA4BF269AA2FD0067C5A4 /* AccountRecord.swift in Sources */ = {isa = PBXBuildFile; fileRef = F8EEA4BD269AA2FD0067C5A4 /* AccountRecord.swift */; };
		F8EEA4C1269AA6FC0067C5A4 /* AccountCategory.swift in Sources */ = {isa = PBXBuildFile; fileRef = F8EEA4C0269AA6FC0067C5A4 /* AccountCategory.swift */; };
		F8EEA4C2269AA6FC0067C5A4 /* AccountCategory.swift in Sources */ = {isa = PBXBuildFile; fileRef = F8EEA4C0269AA6FC0067C5A4 /* AccountCategory.swift */; };
		F8EEA4C4269ABF170067C5A4 /* AccountCategoryProvider.swift in Sources */ = {isa = PBXBuildFile; fileRef = F8EEA4C3269ABF170067C5A4 /* AccountCategoryProvider.swift */; };
		F8EEA4C5269ABF170067C5A4 /* AccountCategoryProvider.swift in Sources */ = {isa = PBXBuildFile; fileRef = F8EEA4C3269ABF170067C5A4 /* AccountCategoryProvider.swift */; };
		F8EEA4C8269AD5840067C5A4 /* OrderedCollections in Frameworks */ = {isa = PBXBuildFile; productRef = F8EEA4C7269AD5840067C5A4 /* OrderedCollections */; };
		F8EEA4CA269AF51D0067C5A4 /* RecordCollection.swift in Sources */ = {isa = PBXBuildFile; fileRef = F8EEA4C9269AF51D0067C5A4 /* RecordCollection.swift */; };
		F8EEA4CB269AF51D0067C5A4 /* RecordCollection.swift in Sources */ = {isa = PBXBuildFile; fileRef = F8EEA4C9269AF51D0067C5A4 /* RecordCollection.swift */; };
		F8EEA4CD269B14DD0067C5A4 /* FilterProtocol.swift in Sources */ = {isa = PBXBuildFile; fileRef = F8EEA4CC269B14DD0067C5A4 /* FilterProtocol.swift */; };
		F8EEA4CE269B14DD0067C5A4 /* FilterProtocol.swift in Sources */ = {isa = PBXBuildFile; fileRef = F8EEA4CC269B14DD0067C5A4 /* FilterProtocol.swift */; };
		F8EEA4D3269B2A470067C5A4 /* SorterProtocol.swift in Sources */ = {isa = PBXBuildFile; fileRef = F8EEA4D2269B2A470067C5A4 /* SorterProtocol.swift */; };
		F8EEA4D4269B2A470067C5A4 /* SorterProtocol.swift in Sources */ = {isa = PBXBuildFile; fileRef = F8EEA4D2269B2A470067C5A4 /* SorterProtocol.swift */; };
		F8EEA4D9269B30620067C5A4 /* DateFilter.swift in Sources */ = {isa = PBXBuildFile; fileRef = F8EEA4D8269B30620067C5A4 /* DateFilter.swift */; };
		F8EEA4DA269B30620067C5A4 /* DateFilter.swift in Sources */ = {isa = PBXBuildFile; fileRef = F8EEA4D8269B30620067C5A4 /* DateFilter.swift */; };
		F8EEA4DC269B32F10067C5A4 /* CategoryFilter.swift in Sources */ = {isa = PBXBuildFile; fileRef = F8EEA4DB269B32F10067C5A4 /* CategoryFilter.swift */; };
		F8EEA4DD269B32F10067C5A4 /* CategoryFilter.swift in Sources */ = {isa = PBXBuildFile; fileRef = F8EEA4DB269B32F10067C5A4 /* CategoryFilter.swift */; };
		F8EEA4DF269B3B7A0067C5A4 /* DateSorter.swift in Sources */ = {isa = PBXBuildFile; fileRef = F8EEA4DE269B3B7A0067C5A4 /* DateSorter.swift */; };
		F8EEA4E0269B3B7A0067C5A4 /* DateSorter.swift in Sources */ = {isa = PBXBuildFile; fileRef = F8EEA4DE269B3B7A0067C5A4 /* DateSorter.swift */; };
		F8F0B60A269D05980016E648 /* HistoryView.swift in Sources */ = {isa = PBXBuildFile; fileRef = F8F0B609269D05980016E648 /* HistoryView.swift */; };
		F8F0B60B269D05980016E648 /* HistoryView.swift in Sources */ = {isa = PBXBuildFile; fileRef = F8F0B609269D05980016E648 /* HistoryView.swift */; };
		F8F0B60E269DF5960016E648 /* BMTReader.swift in Sources */ = {isa = PBXBuildFile; fileRef = F8F0B60D269DF5960016E648 /* BMTReader.swift */; };
		F8F0B60F269DF9CD0016E648 /* BMTReader.swift in Sources */ = {isa = PBXBuildFile; fileRef = F8F0B60D269DF5960016E648 /* BMTReader.swift */; };
		F8F0B612269FB8000016E648 /* HistoryItem.swift in Sources */ = {isa = PBXBuildFile; fileRef = F8F0B611269FB8000016E648 /* HistoryItem.swift */; };
		F8F17BBE26A0ED1100F92186 /* BarChartView.swift in Sources */ = {isa = PBXBuildFile; fileRef = F8F17BBD26A0ED1100F92186 /* BarChartView.swift */; };
		F8F17BC126A8FC3000F92186 /* AccountEntryDialog.swift in Sources */ = {isa = PBXBuildFile; fileRef = F8F17BC026A8FC3000F92186 /* AccountEntryDialog.swift */; };
		F8F17BC326AA389F00F92186 /* AccountItemModel.swift in Sources */ = {isa = PBXBuildFile; fileRef = F8F17BC226AA389F00F92186 /* AccountItemModel.swift */; };
		F8F17BC526AB177B00F92186 /* AccountCategoryManager.swift in Sources */ = {isa = PBXBuildFile; fileRef = F8F17BC426AB177B00F92186 /* AccountCategoryManager.swift */; };
		F8F17BC626ABCFCC00F92186 /* AccountItemModel.swift in Sources */ = {isa = PBXBuildFile; fileRef = F8F17BC226AA389F00F92186 /* AccountItemModel.swift */; };
		F8F17BC726ABD25F00F92186 /* AccountCategoryManager.swift in Sources */ = {isa = PBXBuildFile; fileRef = F8F17BC426AB177B00F92186 /* AccountCategoryManager.swift */; };
		F8F17BCA26ABD2CD00F92186 /* HistoryItem.swift in Sources */ = {isa = PBXBuildFile; fileRef = F8F0B611269FB8000016E648 /* HistoryItem.swift */; };
		F8F17BCC26ABD32E00F92186 /* SidebarView.swift in Sources */ = {isa = PBXBuildFile; fileRef = F82AE1FC269C8B40007B51D4 /* SidebarView.swift */; };
		F8F17BCD26ABD7A700F92186 /* HistoryItem.swift in Sources */ = {isa = PBXBuildFile; fileRef = F8F0B611269FB8000016E648 /* HistoryItem.swift */; };
		F8F17BCE26ABDB5C00F92186 /* AccountDatabase.swift in Sources */ = {isa = PBXBuildFile; fileRef = F8EEA4BA269AA2950067C5A4 /* AccountDatabase.swift */; };
		F8F17BCF26ABDB8000F92186 /* AccountCategory.swift in Sources */ = {isa = PBXBuildFile; fileRef = F8EEA4C0269AA6FC0067C5A4 /* AccountCategory.swift */; };
		F8F17BD026ABDB8800F92186 /* AccountRecord.swift in Sources */ = {isa = PBXBuildFile; fileRef = F8EEA4BD269AA2FD0067C5A4 /* AccountRecord.swift */; };
		F8F17BD126ABDB9100F92186 /* BMTReader.swift in Sources */ = {isa = PBXBuildFile; fileRef = F8F0B60D269DF5960016E648 /* BMTReader.swift */; };
		F8F17BD226ABDB9800F92186 /* RecordCollection.swift in Sources */ = {isa = PBXBuildFile; fileRef = F8EEA4C9269AF51D0067C5A4 /* RecordCollection.swift */; };
		F8F17BD326ABDBAC00F92186 /* AccountCategoryProvider.swift in Sources */ = {isa = PBXBuildFile; fileRef = F8EEA4C3269ABF170067C5A4 /* AccountCategoryProvider.swift */; };
		F8F17BD426ABDBB800F92186 /* FilterProtocol.swift in Sources */ = {isa = PBXBuildFile; fileRef = F8EEA4CC269B14DD0067C5A4 /* FilterProtocol.swift */; };
		F8F17BD526ABDBC200F92186 /* SorterProtocol.swift in Sources */ = {isa = PBXBuildFile; fileRef = F8EEA4D2269B2A470067C5A4 /* SorterProtocol.swift */; };
		F8FD2226269CA7C700CFA2F0 /* OverviewView.swift in Sources */ = {isa = PBXBuildFile; fileRef = F8FD2225269CA7C700CFA2F0 /* OverviewView.swift */; };
		F8FD2227269CA7C700CFA2F0 /* OverviewView.swift in Sources */ = {isa = PBXBuildFile; fileRef = F8FD2225269CA7C700CFA2F0 /* OverviewView.swift */; };
/* End PBXBuildFile section */

/* Begin PBXContainerItemProxy section */
		F8EEA49A269AA0D10067C5A4 /* PBXContainerItemProxy */ = {
			isa = PBXContainerItemProxy;
			containerPortal = F8EEA47F269AA0CF0067C5A4 /* Project object */;
			proxyType = 1;
			remoteGlobalIDString = F8EEA486269AA0CF0067C5A4;
			remoteInfo = AccountBook;
		};
		F8EEA4A5269AA0D10067C5A4 /* PBXContainerItemProxy */ = {
			isa = PBXContainerItemProxy;
			containerPortal = F8EEA47F269AA0CF0067C5A4 /* Project object */;
			proxyType = 1;
			remoteGlobalIDString = F8EEA486269AA0CF0067C5A4;
			remoteInfo = AccountBook;
		};
/* End PBXContainerItemProxy section */

/* Begin PBXFileReference section */
		F820AE6F26BF679E00DF0B6E /* StackChartView.swift */ = {isa = PBXFileReference; lastKnownFileType = sourcecode.swift; path = StackChartView.swift; sourceTree = "<group>"; };
		F820AE7126BF686D00DF0B6E /* StackChartSource.swift */ = {isa = PBXFileReference; lastKnownFileType = sourcecode.swift; path = StackChartSource.swift; sourceTree = "<group>"; };
		F821484B26FAE3E10038448C /* AccountDatabaseChangeInfo.swift */ = {isa = PBXFileReference; lastKnownFileType = sourcecode.swift; path = AccountDatabaseChangeInfo.swift; sourceTree = "<group>"; };
		F82AE1FC269C8B40007B51D4 /* SidebarView.swift */ = {isa = PBXFileReference; lastKnownFileType = sourcecode.swift; path = SidebarView.swift; sourceTree = "<group>"; };
		F862CD5626F8E87C00155FA8 /* AccountDetailView.swift */ = {isa = PBXFileReference; lastKnownFileType = sourcecode.swift; path = AccountDetailView.swift; sourceTree = "<group>"; };
		F862CD5826F8F08E00155FA8 /* AccountDatabaseTests.swift */ = {isa = PBXFileReference; lastKnownFileType = sourcecode.swift; path = AccountDatabaseTests.swift; sourceTree = "<group>"; };
		F862CD5C26F953BB00155FA8 /* AccountDetailModel.swift */ = {isa = PBXFileReference; lastKnownFileType = sourcecode.swift; path = AccountDetailModel.swift; sourceTree = "<group>"; };
		F86C464B26AF01F300AB8CFD /* MonthlyAggregator.swift */ = {isa = PBXFileReference; lastKnownFileType = sourcecode.swift; path = MonthlyAggregator.swift; sourceTree = "<group>"; };
		F86C464E26AF020800AB8CFD /* AggregatorProtocol.swift */ = {isa = PBXFileReference; lastKnownFileType = sourcecode.swift; path = AggregatorProtocol.swift; sourceTree = "<group>"; };
		F87C2B7126C6C8D800405351 /* IOTableProxy.swift */ = {isa = PBXFileReference; lastKnownFileType = sourcecode.swift; path = IOTableProxy.swift; sourceTree = "<group>"; };
		F87EC77B26C1DDDC008E60CD /* CategoryAggregator.swift */ = {isa = PBXFileReference; lastKnownFileType = sourcecode.swift; path = CategoryAggregator.swift; sourceTree = "<group>"; };
		F8948EFA26BB4E780000DA0F /* DetailView.swift */ = {isa = PBXFileReference; lastKnownFileType = sourcecode.swift; path = DetailView.swift; sourceTree = "<group>"; };
		F8948EFC26BCA0780000DA0F /* RecordCollectionProtocol.swift */ = {isa = PBXFileReference; lastKnownFileType = sourcecode.swift; path = RecordCollectionProtocol.swift; sourceTree = "<group>"; };
		F8D57A2826F71AD500058F37 /* MonthlyAggregatorTests.swift */ = {isa = PBXFileReference; lastKnownFileType = sourcecode.swift; path = MonthlyAggregatorTests.swift; sourceTree = "<group>"; };
		F8D57A2A26F7290700058F37 /* StubbedDatabase.swift */ = {isa = PBXFileReference; lastKnownFileType = sourcecode.swift; path = StubbedDatabase.swift; sourceTree = "<group>"; };
		F8D57A2C26F73DBF00058F37 /* CategoryAggregatorTests.swift */ = {isa = PBXFileReference; lastKnownFileType = sourcecode.swift; path = CategoryAggregatorTests.swift; sourceTree = "<group>"; };
		F8D57A3026F7488000058F37 /* DateFileterTests.swift */ = {isa = PBXFileReference; lastKnownFileType = sourcecode.swift; path = DateFileterTests.swift; sourceTree = "<group>"; };
		F8D57A3226F74DBE00058F37 /* CategoryFilterTests.swift */ = {isa = PBXFileReference; lastKnownFileType = sourcecode.swift; path = CategoryFilterTests.swift; sourceTree = "<group>"; };
		F8D57A3426F86E9000058F37 /* HighlightsView.swift */ = {isa = PBXFileReference; lastKnownFileType = sourcecode.swift; path = HighlightsView.swift; sourceTree = "<group>"; };
		F8D57A3626F86EBA00058F37 /* BookView.swift */ = {isa = PBXFileReference; lastKnownFileType = sourcecode.swift; path = BookView.swift; sourceTree = "<group>"; };
		F8D57A3826F86EE300058F37 /* StatisticsView.swift */ = {isa = PBXFileReference; lastKnownFileType = sourcecode.swift; path = StatisticsView.swift; sourceTree = "<group>"; };
		F8D57A3B26F8763700058F37 /* BookItemView.swift */ = {isa = PBXFileReference; lastKnownFileType = sourcecode.swift; path = BookItemView.swift; sourceTree = "<group>"; };
		F8D57A3D26F8769200058F37 /* BookItem.swift */ = {isa = PBXFileReference; lastKnownFileType = sourcecode.swift; path = BookItem.swift; sourceTree = "<group>"; };
		F8EEA487269AA0CF0067C5A4 /* AccountBook.app */ = {isa = PBXFileReference; explicitFileType = wrapper.application; includeInIndex = 0; path = AccountBook.app; sourceTree = BUILT_PRODUCTS_DIR; };
		F8EEA48A269AA0CF0067C5A4 /* AccountBookApp.swift */ = {isa = PBXFileReference; lastKnownFileType = sourcecode.swift; path = AccountBookApp.swift; sourceTree = "<group>"; };
		F8EEA48C269AA0CF0067C5A4 /* ContentView.swift */ = {isa = PBXFileReference; lastKnownFileType = sourcecode.swift; path = ContentView.swift; sourceTree = "<group>"; };
		F8EEA48E269AA0D10067C5A4 /* Assets.xcassets */ = {isa = PBXFileReference; lastKnownFileType = folder.assetcatalog; path = Assets.xcassets; sourceTree = "<group>"; };
		F8EEA491269AA0D10067C5A4 /* Preview Assets.xcassets */ = {isa = PBXFileReference; lastKnownFileType = folder.assetcatalog; path = "Preview Assets.xcassets"; sourceTree = "<group>"; };
		F8EEA493269AA0D10067C5A4 /* Info.plist */ = {isa = PBXFileReference; lastKnownFileType = text.plist.xml; path = Info.plist; sourceTree = "<group>"; };
		F8EEA494269AA0D10067C5A4 /* AccountBook.entitlements */ = {isa = PBXFileReference; lastKnownFileType = text.plist.entitlements; path = AccountBook.entitlements; sourceTree = "<group>"; };
		F8EEA499269AA0D10067C5A4 /* AccountBookTests.xctest */ = {isa = PBXFileReference; explicitFileType = wrapper.cfbundle; includeInIndex = 0; path = AccountBookTests.xctest; sourceTree = BUILT_PRODUCTS_DIR; };
		F8EEA49D269AA0D10067C5A4 /* AccountBookTests.swift */ = {isa = PBXFileReference; lastKnownFileType = sourcecode.swift; path = AccountBookTests.swift; sourceTree = "<group>"; };
		F8EEA49F269AA0D10067C5A4 /* Info.plist */ = {isa = PBXFileReference; lastKnownFileType = text.plist.xml; path = Info.plist; sourceTree = "<group>"; };
		F8EEA4A4269AA0D10067C5A4 /* AccountBookUITests.xctest */ = {isa = PBXFileReference; explicitFileType = wrapper.cfbundle; includeInIndex = 0; path = AccountBookUITests.xctest; sourceTree = BUILT_PRODUCTS_DIR; };
		F8EEA4A8269AA0D10067C5A4 /* AccountBookUITests.swift */ = {isa = PBXFileReference; lastKnownFileType = sourcecode.swift; path = AccountBookUITests.swift; sourceTree = "<group>"; };
		F8EEA4AA269AA0D10067C5A4 /* Info.plist */ = {isa = PBXFileReference; lastKnownFileType = text.plist.xml; path = Info.plist; sourceTree = "<group>"; };
		F8EEA4BA269AA2950067C5A4 /* AccountDatabase.swift */ = {isa = PBXFileReference; lastKnownFileType = sourcecode.swift; path = AccountDatabase.swift; sourceTree = "<group>"; };
		F8EEA4BD269AA2FD0067C5A4 /* AccountRecord.swift */ = {isa = PBXFileReference; lastKnownFileType = sourcecode.swift; path = AccountRecord.swift; sourceTree = "<group>"; };
		F8EEA4C0269AA6FC0067C5A4 /* AccountCategory.swift */ = {isa = PBXFileReference; lastKnownFileType = sourcecode.swift; path = AccountCategory.swift; sourceTree = "<group>"; };
		F8EEA4C3269ABF170067C5A4 /* AccountCategoryProvider.swift */ = {isa = PBXFileReference; lastKnownFileType = sourcecode.swift; path = AccountCategoryProvider.swift; sourceTree = "<group>"; };
		F8EEA4C9269AF51D0067C5A4 /* RecordCollection.swift */ = {isa = PBXFileReference; lastKnownFileType = sourcecode.swift; path = RecordCollection.swift; sourceTree = "<group>"; };
		F8EEA4CC269B14DD0067C5A4 /* FilterProtocol.swift */ = {isa = PBXFileReference; lastKnownFileType = sourcecode.swift; path = FilterProtocol.swift; sourceTree = "<group>"; };
		F8EEA4D2269B2A470067C5A4 /* SorterProtocol.swift */ = {isa = PBXFileReference; lastKnownFileType = sourcecode.swift; path = SorterProtocol.swift; sourceTree = "<group>"; };
		F8EEA4D8269B30620067C5A4 /* DateFilter.swift */ = {isa = PBXFileReference; lastKnownFileType = sourcecode.swift; path = DateFilter.swift; sourceTree = "<group>"; };
		F8EEA4DB269B32F10067C5A4 /* CategoryFilter.swift */ = {isa = PBXFileReference; lastKnownFileType = sourcecode.swift; path = CategoryFilter.swift; sourceTree = "<group>"; };
		F8EEA4DE269B3B7A0067C5A4 /* DateSorter.swift */ = {isa = PBXFileReference; lastKnownFileType = sourcecode.swift; path = DateSorter.swift; sourceTree = "<group>"; };
		F8F0B609269D05980016E648 /* HistoryView.swift */ = {isa = PBXFileReference; lastKnownFileType = sourcecode.swift; path = HistoryView.swift; sourceTree = "<group>"; };
		F8F0B60D269DF5960016E648 /* BMTReader.swift */ = {isa = PBXFileReference; lastKnownFileType = sourcecode.swift; path = BMTReader.swift; sourceTree = "<group>"; };
		F8F0B611269FB8000016E648 /* HistoryItem.swift */ = {isa = PBXFileReference; lastKnownFileType = sourcecode.swift; path = HistoryItem.swift; sourceTree = "<group>"; };
		F8F17BBD26A0ED1100F92186 /* BarChartView.swift */ = {isa = PBXFileReference; lastKnownFileType = sourcecode.swift; path = BarChartView.swift; sourceTree = "<group>"; };
		F8F17BC026A8FC3000F92186 /* AccountEntryDialog.swift */ = {isa = PBXFileReference; lastKnownFileType = sourcecode.swift; path = AccountEntryDialog.swift; sourceTree = "<group>"; };
		F8F17BC226AA389F00F92186 /* AccountItemModel.swift */ = {isa = PBXFileReference; lastKnownFileType = sourcecode.swift; path = AccountItemModel.swift; sourceTree = "<group>"; };
		F8F17BC426AB177B00F92186 /* AccountCategoryManager.swift */ = {isa = PBXFileReference; lastKnownFileType = sourcecode.swift; path = AccountCategoryManager.swift; sourceTree = "<group>"; };
		F8FD2225269CA7C700CFA2F0 /* OverviewView.swift */ = {isa = PBXFileReference; lastKnownFileType = sourcecode.swift; path = OverviewView.swift; sourceTree = "<group>"; };
/* End PBXFileReference section */

/* Begin PBXFrameworksBuildPhase section */
		F8EEA484269AA0CF0067C5A4 /* Frameworks */ = {
			isa = PBXFrameworksBuildPhase;
			buildActionMask = 2147483647;
			files = (
				F8EEA4C8269AD5840067C5A4 /* OrderedCollections in Frameworks */,
			);
			runOnlyForDeploymentPostprocessing = 0;
		};
		F8EEA496269AA0D10067C5A4 /* Frameworks */ = {
			isa = PBXFrameworksBuildPhase;
			buildActionMask = 2147483647;
			files = (
			);
			runOnlyForDeploymentPostprocessing = 0;
		};
		F8EEA4A1269AA0D10067C5A4 /* Frameworks */ = {
			isa = PBXFrameworksBuildPhase;
			buildActionMask = 2147483647;
			files = (
			);
			runOnlyForDeploymentPostprocessing = 0;
		};
/* End PBXFrameworksBuildPhase section */

/* Begin PBXGroup section */
		F820AE6C26BF676800DF0B6E /* StackChart */ = {
			isa = PBXGroup;
			children = (
				F820AE6F26BF679E00DF0B6E /* StackChartView.swift */,
				F820AE7126BF686D00DF0B6E /* StackChartSource.swift */,
			);
			path = StackChart;
			sourceTree = "<group>";
		};
		F862CD5526F8E86100155FA8 /* AccountDetail */ = {
			isa = PBXGroup;
			children = (
				F862CD5626F8E87C00155FA8 /* AccountDetailView.swift */,
				F862CD5C26F953BB00155FA8 /* AccountDetailModel.swift */,
			);
			path = AccountDetail;
			sourceTree = "<group>";
		};
		F87C2B7026C6C8AF00405351 /* IO */ = {
			isa = PBXGroup;
			children = (
				F87C2B7126C6C8D800405351 /* IOTableProxy.swift */,
			);
			path = IO;
			sourceTree = "<group>";
		};
		F8948EF926BB4E690000DA0F /* DetailView */ = {
			isa = PBXGroup;
			children = (
				F8948EFA26BB4E780000DA0F /* DetailView.swift */,
			);
			path = DetailView;
			sourceTree = "<group>";
		};
		F8D57A2E26F7485800058F37 /* AggregatorTests */ = {
			isa = PBXGroup;
			children = (
				F8D57A2C26F73DBF00058F37 /* CategoryAggregatorTests.swift */,
				F8D57A2826F71AD500058F37 /* MonthlyAggregatorTests.swift */,
			);
			path = AggregatorTests;
			sourceTree = "<group>";
		};
		F8D57A2F26F7486900058F37 /* FileterTests */ = {
			isa = PBXGroup;
			children = (
				F8D57A3026F7488000058F37 /* DateFileterTests.swift */,
				F8D57A3226F74DBE00058F37 /* CategoryFilterTests.swift */,
			);
			path = FileterTests;
			sourceTree = "<group>";
		};
		F8D57A3A26F8762000058F37 /* Book */ = {
			isa = PBXGroup;
			children = (
				F8D57A3626F86EBA00058F37 /* BookView.swift */,
				F8D57A3B26F8763700058F37 /* BookItemView.swift */,
				F8D57A3D26F8769200058F37 /* BookItem.swift */,
			);
			path = Book;
			sourceTree = "<group>";
		};
		F8EEA47E269AA0CF0067C5A4 = {
			isa = PBXGroup;
			children = (
				F8EEA489269AA0CF0067C5A4 /* AccountBook */,
				F8EEA49C269AA0D10067C5A4 /* AccountBookTests */,
				F8EEA4A7269AA0D10067C5A4 /* AccountBookUITests */,
				F8EEA488269AA0CF0067C5A4 /* Products */,
			);
			sourceTree = "<group>";
		};
		F8EEA488269AA0CF0067C5A4 /* Products */ = {
			isa = PBXGroup;
			children = (
				F8EEA487269AA0CF0067C5A4 /* AccountBook.app */,
				F8EEA499269AA0D10067C5A4 /* AccountBookTests.xctest */,
				F8EEA4A4269AA0D10067C5A4 /* AccountBookUITests.xctest */,
			);
			name = Products;
			sourceTree = "<group>";
		};
		F8EEA489269AA0CF0067C5A4 /* AccountBook */ = {
			isa = PBXGroup;
			children = (
				F820AE6C26BF676800DF0B6E /* StackChart */,
				F8948EF926BB4E690000DA0F /* DetailView */,
				F8F17BBC26A0EBB600F92186 /* BarChart */,
				F8F17BBF26A8FB8500F92186 /* AccountEntryDialog */,
				F8EEA4B6269AA2430067C5A4 /* Core */,
				F8EEA48A269AA0CF0067C5A4 /* AccountBookApp.swift */,
				F8EEA48C269AA0CF0067C5A4 /* ContentView.swift */,
				F8EEA48E269AA0D10067C5A4 /* Assets.xcassets */,
				F82AE1FC269C8B40007B51D4 /* SidebarView.swift */,
				F8D57A3826F86EE300058F37 /* StatisticsView.swift */,
				F8FD2225269CA7C700CFA2F0 /* OverviewView.swift */,
				F8F0B610269FB7EE0016E648 /* HistoryView */,
				F8EEA493269AA0D10067C5A4 /* Info.plist */,
				F8EEA494269AA0D10067C5A4 /* AccountBook.entitlements */,
				F8EEA490269AA0D10067C5A4 /* Preview Content */,
				F8D57A3426F86E9000058F37 /* HighlightsView.swift */,
				F862CD5526F8E86100155FA8 /* AccountDetail */,
				F8D57A3A26F8762000058F37 /* Book */,
			);
			path = AccountBook;
			sourceTree = "<group>";
		};
		F8EEA490269AA0D10067C5A4 /* Preview Content */ = {
			isa = PBXGroup;
			children = (
				F8EEA491269AA0D10067C5A4 /* Preview Assets.xcassets */,
			);
			path = "Preview Content";
			sourceTree = "<group>";
		};
		F8EEA49C269AA0D10067C5A4 /* AccountBookTests */ = {
			isa = PBXGroup;
			children = (
				F8D57A2E26F7485800058F37 /* AggregatorTests */,
				F8D57A2F26F7486900058F37 /* FileterTests */,
				F8EEA49D269AA0D10067C5A4 /* AccountBookTests.swift */,
				F8EEA49F269AA0D10067C5A4 /* Info.plist */,
				F8D57A2A26F7290700058F37 /* StubbedDatabase.swift */,
				F862CD5826F8F08E00155FA8 /* AccountDatabaseTests.swift */,
			);
			path = AccountBookTests;
			sourceTree = "<group>";
		};
		F8EEA4A7269AA0D10067C5A4 /* AccountBookUITests */ = {
			isa = PBXGroup;
			children = (
				F8EEA4A8269AA0D10067C5A4 /* AccountBookUITests.swift */,
				F8EEA4AA269AA0D10067C5A4 /* Info.plist */,
			);
			path = AccountBookUITests;
			sourceTree = "<group>";
		};
		F8EEA4B6269AA2430067C5A4 /* Core */ = {
			isa = PBXGroup;
			children = (
				F87C2B7026C6C8AF00405351 /* IO */,
				F8EEA4E1269B62740067C5A4 /* Aggregator */,
				F8EEA4BA269AA2950067C5A4 /* AccountDatabase.swift */,
				F821484B26FAE3E10038448C /* AccountDatabaseChangeInfo.swift */,
				F8F0B60C269DF5250016E648 /* Compatible */,
				F8EEA4BD269AA2FD0067C5A4 /* AccountRecord.swift */,
				F8EEA4C0269AA6FC0067C5A4 /* AccountCategory.swift */,
				F8EEA4C3269ABF170067C5A4 /* AccountCategoryProvider.swift */,
				F8F17BC426AB177B00F92186 /* AccountCategoryManager.swift */,
				F8EEA4C9269AF51D0067C5A4 /* RecordCollection.swift */,
				F8948EFC26BCA0780000DA0F /* RecordCollectionProtocol.swift */,
				F8EEA4D6269B2FF20067C5A4 /* Filter */,
				F8EEA4D7269B2FF90067C5A4 /* Sorter */,
			);
			path = Core;
			sourceTree = "<group>";
		};
		F8EEA4D6269B2FF20067C5A4 /* Filter */ = {
			isa = PBXGroup;
			children = (
				F8EEA4CC269B14DD0067C5A4 /* FilterProtocol.swift */,
				F8EEA4D8269B30620067C5A4 /* DateFilter.swift */,
				F8EEA4DB269B32F10067C5A4 /* CategoryFilter.swift */,
			);
			path = Filter;
			sourceTree = "<group>";
		};
		F8EEA4D7269B2FF90067C5A4 /* Sorter */ = {
			isa = PBXGroup;
			children = (
				F8EEA4D2269B2A470067C5A4 /* SorterProtocol.swift */,
				F8EEA4DE269B3B7A0067C5A4 /* DateSorter.swift */,
			);
			path = Sorter;
			sourceTree = "<group>";
		};
		F8EEA4E1269B62740067C5A4 /* Aggregator */ = {
			isa = PBXGroup;
			children = (
				F86C464B26AF01F300AB8CFD /* MonthlyAggregator.swift */,
				F86C464E26AF020800AB8CFD /* AggregatorProtocol.swift */,
				F87EC77B26C1DDDC008E60CD /* CategoryAggregator.swift */,
			);
			path = Aggregator;
			sourceTree = "<group>";
		};
		F8F0B60C269DF5250016E648 /* Compatible */ = {
			isa = PBXGroup;
			children = (
				F8F0B60D269DF5960016E648 /* BMTReader.swift */,
			);
			path = Compatible;
			sourceTree = "<group>";
		};
		F8F0B610269FB7EE0016E648 /* HistoryView */ = {
			isa = PBXGroup;
			children = (
				F8F0B609269D05980016E648 /* HistoryView.swift */,
				F8F0B611269FB8000016E648 /* HistoryItem.swift */,
			);
			path = HistoryView;
			sourceTree = "<group>";
		};
		F8F17BBC26A0EBB600F92186 /* BarChart */ = {
			isa = PBXGroup;
			children = (
				F8F17BBD26A0ED1100F92186 /* BarChartView.swift */,
			);
			path = BarChart;
			sourceTree = "<group>";
		};
		F8F17BBF26A8FB8500F92186 /* AccountEntryDialog */ = {
			isa = PBXGroup;
			children = (
				F8F17BC026A8FC3000F92186 /* AccountEntryDialog.swift */,
				F8F17BC226AA389F00F92186 /* AccountItemModel.swift */,
			);
			path = AccountEntryDialog;
			sourceTree = "<group>";
		};
/* End PBXGroup section */

/* Begin PBXNativeTarget section */
		F8EEA486269AA0CF0067C5A4 /* AccountBook */ = {
			isa = PBXNativeTarget;
			buildConfigurationList = F8EEA4AD269AA0D10067C5A4 /* Build configuration list for PBXNativeTarget "AccountBook" */;
			buildPhases = (
				F8EEA483269AA0CF0067C5A4 /* Sources */,
				F8EEA484269AA0CF0067C5A4 /* Frameworks */,
				F8EEA485269AA0CF0067C5A4 /* Resources */,
			);
			buildRules = (
			);
			dependencies = (
			);
			name = AccountBook;
			packageProductDependencies = (
				F8EEA4C7269AD5840067C5A4 /* OrderedCollections */,
			);
			productName = AccountBook;
			productReference = F8EEA487269AA0CF0067C5A4 /* AccountBook.app */;
			productType = "com.apple.product-type.application";
		};
		F8EEA498269AA0D10067C5A4 /* AccountBookTests */ = {
			isa = PBXNativeTarget;
			buildConfigurationList = F8EEA4B0269AA0D10067C5A4 /* Build configuration list for PBXNativeTarget "AccountBookTests" */;
			buildPhases = (
				F8EEA495269AA0D10067C5A4 /* Sources */,
				F8EEA496269AA0D10067C5A4 /* Frameworks */,
				F8EEA497269AA0D10067C5A4 /* Resources */,
			);
			buildRules = (
			);
			dependencies = (
				F8EEA49B269AA0D10067C5A4 /* PBXTargetDependency */,
			);
			name = AccountBookTests;
			productName = AccountBookTests;
			productReference = F8EEA499269AA0D10067C5A4 /* AccountBookTests.xctest */;
			productType = "com.apple.product-type.bundle.unit-test";
		};
		F8EEA4A3269AA0D10067C5A4 /* AccountBookUITests */ = {
			isa = PBXNativeTarget;
			buildConfigurationList = F8EEA4B3269AA0D10067C5A4 /* Build configuration list for PBXNativeTarget "AccountBookUITests" */;
			buildPhases = (
				F8EEA4A0269AA0D10067C5A4 /* Sources */,
				F8EEA4A1269AA0D10067C5A4 /* Frameworks */,
				F8EEA4A2269AA0D10067C5A4 /* Resources */,
			);
			buildRules = (
			);
			dependencies = (
				F8EEA4A6269AA0D10067C5A4 /* PBXTargetDependency */,
			);
			name = AccountBookUITests;
			productName = AccountBookUITests;
			productReference = F8EEA4A4269AA0D10067C5A4 /* AccountBookUITests.xctest */;
			productType = "com.apple.product-type.bundle.ui-testing";
		};
/* End PBXNativeTarget section */

/* Begin PBXProject section */
		F8EEA47F269AA0CF0067C5A4 /* Project object */ = {
			isa = PBXProject;
			attributes = {
				LastSwiftUpdateCheck = 1250;
				LastUpgradeCheck = 1250;
				TargetAttributes = {
					F8EEA486269AA0CF0067C5A4 = {
						CreatedOnToolsVersion = 12.5.1;
					};
					F8EEA498269AA0D10067C5A4 = {
						CreatedOnToolsVersion = 12.5.1;
						TestTargetID = F8EEA486269AA0CF0067C5A4;
					};
					F8EEA4A3269AA0D10067C5A4 = {
						CreatedOnToolsVersion = 12.5.1;
						TestTargetID = F8EEA486269AA0CF0067C5A4;
					};
				};
			};
			buildConfigurationList = F8EEA482269AA0CF0067C5A4 /* Build configuration list for PBXProject "AccountBook" */;
			compatibilityVersion = "Xcode 9.3";
			developmentRegion = en;
			hasScannedForEncodings = 0;
			knownRegions = (
				en,
				Base,
			);
			mainGroup = F8EEA47E269AA0CF0067C5A4;
			packageReferences = (
				F8EEA4C6269AD5840067C5A4 /* XCRemoteSwiftPackageReference "swift-collections" */,
			);
			productRefGroup = F8EEA488269AA0CF0067C5A4 /* Products */;
			projectDirPath = "";
			projectRoot = "";
			targets = (
				F8EEA486269AA0CF0067C5A4 /* AccountBook */,
				F8EEA498269AA0D10067C5A4 /* AccountBookTests */,
				F8EEA4A3269AA0D10067C5A4 /* AccountBookUITests */,
			);
		};
/* End PBXProject section */

/* Begin PBXResourcesBuildPhase section */
		F8EEA485269AA0CF0067C5A4 /* Resources */ = {
			isa = PBXResourcesBuildPhase;
			buildActionMask = 2147483647;
			files = (
				F8EEA492269AA0D10067C5A4 /* Preview Assets.xcassets in Resources */,
				F8EEA48F269AA0D10067C5A4 /* Assets.xcassets in Resources */,
			);
			runOnlyForDeploymentPostprocessing = 0;
		};
		F8EEA497269AA0D10067C5A4 /* Resources */ = {
			isa = PBXResourcesBuildPhase;
			buildActionMask = 2147483647;
			files = (
			);
			runOnlyForDeploymentPostprocessing = 0;
		};
		F8EEA4A2269AA0D10067C5A4 /* Resources */ = {
			isa = PBXResourcesBuildPhase;
			buildActionMask = 2147483647;
			files = (
			);
			runOnlyForDeploymentPostprocessing = 0;
		};
/* End PBXResourcesBuildPhase section */

/* Begin PBXSourcesBuildPhase section */
		F8EEA483269AA0CF0067C5A4 /* Sources */ = {
			isa = PBXSourcesBuildPhase;
			buildActionMask = 2147483647;
			files = (
				F8D57A3726F86EBA00058F37 /* BookView.swift in Sources */,
				F87EC77C26C1DDDC008E60CD /* CategoryAggregator.swift in Sources */,
				F86C464C26AF01F300AB8CFD /* MonthlyAggregator.swift in Sources */,
				F8948EFB26BB4E780000DA0F /* DetailView.swift in Sources */,
				F8EEA4BB269AA2950067C5A4 /* AccountDatabase.swift in Sources */,
				F8EEA4D9269B30620067C5A4 /* DateFilter.swift in Sources */,
				F821484C26FAE3E10038448C /* AccountDatabaseChangeInfo.swift in Sources */,
				F8EEA4DC269B32F10067C5A4 /* CategoryFilter.swift in Sources */,
				F8F0B60E269DF5960016E648 /* BMTReader.swift in Sources */,
				F8D57A3526F86E9000058F37 /* HighlightsView.swift in Sources */,
				F8EEA4C1269AA6FC0067C5A4 /* AccountCategory.swift in Sources */,
				F8F17BC526AB177B00F92186 /* AccountCategoryManager.swift in Sources */,
				F8F17BBE26A0ED1100F92186 /* BarChartView.swift in Sources */,
				F8EEA48D269AA0CF0067C5A4 /* ContentView.swift in Sources */,
				F8EEA4BE269AA2FD0067C5A4 /* AccountRecord.swift in Sources */,
				F8EEA4DF269B3B7A0067C5A4 /* DateSorter.swift in Sources */,
				F8EEA4C4269ABF170067C5A4 /* AccountCategoryProvider.swift in Sources */,
				F8EEA4CA269AF51D0067C5A4 /* RecordCollection.swift in Sources */,
				F86C464F26AF020800AB8CFD /* AggregatorProtocol.swift in Sources */,
				F862CD5726F8E87C00155FA8 /* AccountDetailView.swift in Sources */,
				F8F17BC126A8FC3000F92186 /* AccountEntryDialog.swift in Sources */,
				F862CD5D26F953BB00155FA8 /* AccountDetailModel.swift in Sources */,
				F820AE7026BF679E00DF0B6E /* StackChartView.swift in Sources */,
				F8D57A3C26F8763700058F37 /* BookItemView.swift in Sources */,
				F8EEA48B269AA0CF0067C5A4 /* AccountBookApp.swift in Sources */,
				F8D57A3926F86EE300058F37 /* StatisticsView.swift in Sources */,
				F8EEA4D3269B2A470067C5A4 /* SorterProtocol.swift in Sources */,
				F87C2B7226C6C8D800405351 /* IOTableProxy.swift in Sources */,
				F8F0B612269FB8000016E648 /* HistoryItem.swift in Sources */,
				F820AE7226BF686D00DF0B6E /* StackChartSource.swift in Sources */,
				F8D57A3E26F8769200058F37 /* BookItem.swift in Sources */,
				F8EEA4CD269B14DD0067C5A4 /* FilterProtocol.swift in Sources */,
				F8F17BC326AA389F00F92186 /* AccountItemModel.swift in Sources */,
				F8F0B60A269D05980016E648 /* HistoryView.swift in Sources */,
				F82AE1FD269C8B40007B51D4 /* SidebarView.swift in Sources */,
				F8948EFD26BCA0780000DA0F /* RecordCollectionProtocol.swift in Sources */,
				F8FD2226269CA7C700CFA2F0 /* OverviewView.swift in Sources */,
			);
			runOnlyForDeploymentPostprocessing = 0;
		};
		F8EEA495269AA0D10067C5A4 /* Sources */ = {
			isa = PBXSourcesBuildPhase;
			buildActionMask = 2147483647;
			files = (
				F86C464D26AF01F300AB8CFD /* MonthlyAggregator.swift in Sources */,
				F8EEA4D4269B2A470067C5A4 /* SorterProtocol.swift in Sources */,
				F8EEA4DD269B32F10067C5A4 /* CategoryFilter.swift in Sources */,
				F8EEA4BC269AA2950067C5A4 /* AccountDatabase.swift in Sources */,
				F8D57A3326F74DBE00058F37 /* CategoryFilterTests.swift in Sources */,
				F8948EFE26BDF2710000DA0F /* RecordCollectionProtocol.swift in Sources */,
				F8EEA4C5269ABF170067C5A4 /* AccountCategoryProvider.swift in Sources */,
				F8EEA4DA269B30620067C5A4 /* DateFilter.swift in Sources */,
				F8D57A2D26F73DBF00058F37 /* CategoryAggregatorTests.swift in Sources */,
				F8F17BC726ABD25F00F92186 /* AccountCategoryManager.swift in Sources */,
				F8D57A2B26F7290700058F37 /* StubbedDatabase.swift in Sources */,
				F8F17BC626ABCFCC00F92186 /* AccountItemModel.swift in Sources */,
				F8EEA4CB269AF51D0067C5A4 /* RecordCollection.swift in Sources */,
				F8EEA4BF269AA2FD0067C5A4 /* AccountRecord.swift in Sources */,
				F8D57A3126F7488000058F37 /* DateFileterTests.swift in Sources */,
				F8EEA49E269AA0D10067C5A4 /* AccountBookTests.swift in Sources */,
				F8D57A2926F71AD500058F37 /* MonthlyAggregatorTests.swift in Sources */,
				F87EC77D26C42248008E60CD /* CategoryAggregator.swift in Sources */,
				F8F0B60F269DF9CD0016E648 /* BMTReader.swift in Sources */,
				F8F17BCA26ABD2CD00F92186 /* HistoryItem.swift in Sources */,
				F8EEA4E0269B3B7A0067C5A4 /* DateSorter.swift in Sources */,
				F8EEA4C2269AA6FC0067C5A4 /* AccountCategory.swift in Sources */,
				F8EEA4CE269B14DD0067C5A4 /* FilterProtocol.swift in Sources */,
				F86C465026AF020800AB8CFD /* AggregatorProtocol.swift in Sources */,
				F862CD5926F8F08E00155FA8 /* AccountDatabaseTests.swift in Sources */,
				F87C2B7326C89C2700405351 /* IOTableProxy.swift in Sources */,
			);
			runOnlyForDeploymentPostprocessing = 0;
		};
		F8EEA4A0269AA0D10067C5A4 /* Sources */ = {
			isa = PBXSourcesBuildPhase;
			buildActionMask = 2147483647;
			files = (
				F8F17BCE26ABDB5C00F92186 /* AccountDatabase.swift in Sources */,
				F8F17BD526ABDBC200F92186 /* SorterProtocol.swift in Sources */,
				F8F17BD326ABDBAC00F92186 /* AccountCategoryProvider.swift in Sources */,
				F8F17BD426ABDBB800F92186 /* FilterProtocol.swift in Sources */,
				F8F17BD026ABDB8800F92186 /* AccountRecord.swift in Sources */,
				F8F17BCC26ABD32E00F92186 /* SidebarView.swift in Sources */,
				F8F17BCF26ABDB8000F92186 /* AccountCategory.swift in Sources */,
				F8F0B60B269D05980016E648 /* HistoryView.swift in Sources */,
				F8F17BD226ABDB9800F92186 /* RecordCollection.swift in Sources */,
				F8F17BCD26ABD7A700F92186 /* HistoryItem.swift in Sources */,
				F8FD2227269CA7C700CFA2F0 /* OverviewView.swift in Sources */,
				F8F17BD126ABDB9100F92186 /* BMTReader.swift in Sources */,
			);
			runOnlyForDeploymentPostprocessing = 0;
		};
/* End PBXSourcesBuildPhase section */

/* Begin PBXTargetDependency section */
		F8EEA49B269AA0D10067C5A4 /* PBXTargetDependency */ = {
			isa = PBXTargetDependency;
			target = F8EEA486269AA0CF0067C5A4 /* AccountBook */;
			targetProxy = F8EEA49A269AA0D10067C5A4 /* PBXContainerItemProxy */;
		};
		F8EEA4A6269AA0D10067C5A4 /* PBXTargetDependency */ = {
			isa = PBXTargetDependency;
			target = F8EEA486269AA0CF0067C5A4 /* AccountBook */;
			targetProxy = F8EEA4A5269AA0D10067C5A4 /* PBXContainerItemProxy */;
		};
/* End PBXTargetDependency section */

/* Begin XCBuildConfiguration section */
		F8EEA4AB269AA0D10067C5A4 /* Debug */ = {
			isa = XCBuildConfiguration;
			buildSettings = {
				ALWAYS_SEARCH_USER_PATHS = NO;
				CLANG_ANALYZER_NONNULL = YES;
				CLANG_ANALYZER_NUMBER_OBJECT_CONVERSION = YES_AGGRESSIVE;
				CLANG_CXX_LANGUAGE_STANDARD = "gnu++14";
				CLANG_CXX_LIBRARY = "libc++";
				CLANG_ENABLE_MODULES = YES;
				CLANG_ENABLE_OBJC_ARC = YES;
				CLANG_ENABLE_OBJC_WEAK = YES;
				CLANG_WARN_BLOCK_CAPTURE_AUTORELEASING = YES;
				CLANG_WARN_BOOL_CONVERSION = YES;
				CLANG_WARN_COMMA = YES;
				CLANG_WARN_CONSTANT_CONVERSION = YES;
				CLANG_WARN_DEPRECATED_OBJC_IMPLEMENTATIONS = YES;
				CLANG_WARN_DIRECT_OBJC_ISA_USAGE = YES_ERROR;
				CLANG_WARN_DOCUMENTATION_COMMENTS = YES;
				CLANG_WARN_EMPTY_BODY = YES;
				CLANG_WARN_ENUM_CONVERSION = YES;
				CLANG_WARN_INFINITE_RECURSION = YES;
				CLANG_WARN_INT_CONVERSION = YES;
				CLANG_WARN_NON_LITERAL_NULL_CONVERSION = YES;
				CLANG_WARN_OBJC_IMPLICIT_RETAIN_SELF = YES;
				CLANG_WARN_OBJC_LITERAL_CONVERSION = YES;
				CLANG_WARN_OBJC_ROOT_CLASS = YES_ERROR;
				CLANG_WARN_QUOTED_INCLUDE_IN_FRAMEWORK_HEADER = YES;
				CLANG_WARN_RANGE_LOOP_ANALYSIS = YES;
				CLANG_WARN_STRICT_PROTOTYPES = YES;
				CLANG_WARN_SUSPICIOUS_MOVE = YES;
				CLANG_WARN_UNGUARDED_AVAILABILITY = YES_AGGRESSIVE;
				CLANG_WARN_UNREACHABLE_CODE = YES;
				CLANG_WARN__DUPLICATE_METHOD_MATCH = YES;
				COPY_PHASE_STRIP = NO;
				DEBUG_INFORMATION_FORMAT = dwarf;
				ENABLE_STRICT_OBJC_MSGSEND = YES;
				ENABLE_TESTABILITY = YES;
				GCC_C_LANGUAGE_STANDARD = gnu11;
				GCC_DYNAMIC_NO_PIC = NO;
				GCC_NO_COMMON_BLOCKS = YES;
				GCC_OPTIMIZATION_LEVEL = 0;
				GCC_PREPROCESSOR_DEFINITIONS = (
					"DEBUG=1",
					"$(inherited)",
				);
				GCC_WARN_64_TO_32_BIT_CONVERSION = YES;
				GCC_WARN_ABOUT_RETURN_TYPE = YES_ERROR;
				GCC_WARN_UNDECLARED_SELECTOR = YES;
				GCC_WARN_UNINITIALIZED_AUTOS = YES_AGGRESSIVE;
				GCC_WARN_UNUSED_FUNCTION = YES;
				GCC_WARN_UNUSED_VARIABLE = YES;
				MACOSX_DEPLOYMENT_TARGET = 11.3;
				MTL_ENABLE_DEBUG_INFO = INCLUDE_SOURCE;
				MTL_FAST_MATH = YES;
				ONLY_ACTIVE_ARCH = YES;
				SDKROOT = macosx;
				SWIFT_ACTIVE_COMPILATION_CONDITIONS = DEBUG;
				SWIFT_OPTIMIZATION_LEVEL = "-Onone";
			};
			name = Debug;
		};
		F8EEA4AC269AA0D10067C5A4 /* Release */ = {
			isa = XCBuildConfiguration;
			buildSettings = {
				ALWAYS_SEARCH_USER_PATHS = NO;
				CLANG_ANALYZER_NONNULL = YES;
				CLANG_ANALYZER_NUMBER_OBJECT_CONVERSION = YES_AGGRESSIVE;
				CLANG_CXX_LANGUAGE_STANDARD = "gnu++14";
				CLANG_CXX_LIBRARY = "libc++";
				CLANG_ENABLE_MODULES = YES;
				CLANG_ENABLE_OBJC_ARC = YES;
				CLANG_ENABLE_OBJC_WEAK = YES;
				CLANG_WARN_BLOCK_CAPTURE_AUTORELEASING = YES;
				CLANG_WARN_BOOL_CONVERSION = YES;
				CLANG_WARN_COMMA = YES;
				CLANG_WARN_CONSTANT_CONVERSION = YES;
				CLANG_WARN_DEPRECATED_OBJC_IMPLEMENTATIONS = YES;
				CLANG_WARN_DIRECT_OBJC_ISA_USAGE = YES_ERROR;
				CLANG_WARN_DOCUMENTATION_COMMENTS = YES;
				CLANG_WARN_EMPTY_BODY = YES;
				CLANG_WARN_ENUM_CONVERSION = YES;
				CLANG_WARN_INFINITE_RECURSION = YES;
				CLANG_WARN_INT_CONVERSION = YES;
				CLANG_WARN_NON_LITERAL_NULL_CONVERSION = YES;
				CLANG_WARN_OBJC_IMPLICIT_RETAIN_SELF = YES;
				CLANG_WARN_OBJC_LITERAL_CONVERSION = YES;
				CLANG_WARN_OBJC_ROOT_CLASS = YES_ERROR;
				CLANG_WARN_QUOTED_INCLUDE_IN_FRAMEWORK_HEADER = YES;
				CLANG_WARN_RANGE_LOOP_ANALYSIS = YES;
				CLANG_WARN_STRICT_PROTOTYPES = YES;
				CLANG_WARN_SUSPICIOUS_MOVE = YES;
				CLANG_WARN_UNGUARDED_AVAILABILITY = YES_AGGRESSIVE;
				CLANG_WARN_UNREACHABLE_CODE = YES;
				CLANG_WARN__DUPLICATE_METHOD_MATCH = YES;
				COPY_PHASE_STRIP = NO;
				DEBUG_INFORMATION_FORMAT = "dwarf-with-dsym";
				ENABLE_NS_ASSERTIONS = NO;
				ENABLE_STRICT_OBJC_MSGSEND = YES;
				GCC_C_LANGUAGE_STANDARD = gnu11;
				GCC_NO_COMMON_BLOCKS = YES;
				GCC_WARN_64_TO_32_BIT_CONVERSION = YES;
				GCC_WARN_ABOUT_RETURN_TYPE = YES_ERROR;
				GCC_WARN_UNDECLARED_SELECTOR = YES;
				GCC_WARN_UNINITIALIZED_AUTOS = YES_AGGRESSIVE;
				GCC_WARN_UNUSED_FUNCTION = YES;
				GCC_WARN_UNUSED_VARIABLE = YES;
				MACOSX_DEPLOYMENT_TARGET = 11.3;
				MTL_ENABLE_DEBUG_INFO = NO;
				MTL_FAST_MATH = YES;
				SDKROOT = macosx;
				SWIFT_COMPILATION_MODE = wholemodule;
				SWIFT_OPTIMIZATION_LEVEL = "-O";
			};
			name = Release;
		};
		F8EEA4AE269AA0D10067C5A4 /* Debug */ = {
			isa = XCBuildConfiguration;
			buildSettings = {
				ASSETCATALOG_COMPILER_APPICON_NAME = AppIcon;
				ASSETCATALOG_COMPILER_GLOBAL_ACCENT_COLOR_NAME = AccentColor;
				CODE_SIGN_ENTITLEMENTS = AccountBook/AccountBook.entitlements;
				CODE_SIGN_STYLE = Automatic;
				COMBINE_HIDPI_IMAGES = YES;
				DEVELOPMENT_ASSET_PATHS = "\"AccountBook/Preview Content\"";
				DEVELOPMENT_TEAM = GM36ZRA62C;
				ENABLE_HARDENED_RUNTIME = YES;
				ENABLE_PREVIEWS = YES;
				INFOPLIST_FILE = AccountBook/Info.plist;
				LD_RUNPATH_SEARCH_PATHS = (
					"$(inherited)",
					"@executable_path/../Frameworks",
				);
				MACOSX_DEPLOYMENT_TARGET = 11.0;
				PRODUCT_BUNDLE_IDENTIFIER = kkonishi.AccountBook;
				PRODUCT_NAME = "$(TARGET_NAME)";
				SWIFT_VERSION = 5.0;
			};
			name = Debug;
		};
		F8EEA4AF269AA0D10067C5A4 /* Release */ = {
			isa = XCBuildConfiguration;
			buildSettings = {
				ASSETCATALOG_COMPILER_APPICON_NAME = AppIcon;
				ASSETCATALOG_COMPILER_GLOBAL_ACCENT_COLOR_NAME = AccentColor;
				CODE_SIGN_ENTITLEMENTS = AccountBook/AccountBook.entitlements;
				CODE_SIGN_STYLE = Automatic;
				COMBINE_HIDPI_IMAGES = YES;
				DEVELOPMENT_ASSET_PATHS = "\"AccountBook/Preview Content\"";
				DEVELOPMENT_TEAM = GM36ZRA62C;
				ENABLE_HARDENED_RUNTIME = YES;
				ENABLE_PREVIEWS = YES;
				INFOPLIST_FILE = AccountBook/Info.plist;
				LD_RUNPATH_SEARCH_PATHS = (
					"$(inherited)",
					"@executable_path/../Frameworks",
				);
				MACOSX_DEPLOYMENT_TARGET = 11.0;
				PRODUCT_BUNDLE_IDENTIFIER = kkonishi.AccountBook;
				PRODUCT_NAME = "$(TARGET_NAME)";
				SWIFT_VERSION = 5.0;
			};
			name = Release;
		};
		F8EEA4B1269AA0D10067C5A4 /* Debug */ = {
			isa = XCBuildConfiguration;
			buildSettings = {
				ALWAYS_EMBED_SWIFT_STANDARD_LIBRARIES = YES;
				BUNDLE_LOADER = "$(TEST_HOST)";
				CODE_SIGN_STYLE = Automatic;
				COMBINE_HIDPI_IMAGES = YES;
				DEVELOPMENT_TEAM = GM36ZRA62C;
				INFOPLIST_FILE = AccountBookTests/Info.plist;
				LD_RUNPATH_SEARCH_PATHS = (
					"$(inherited)",
					"@executable_path/../Frameworks",
					"@loader_path/../Frameworks",
				);
				MACOSX_DEPLOYMENT_TARGET = 11.0;
				PRODUCT_BUNDLE_IDENTIFIER = kkonishi.AccountBookTests;
				PRODUCT_NAME = "$(TARGET_NAME)";
				SWIFT_VERSION = 5.0;
				TEST_HOST = "$(BUILT_PRODUCTS_DIR)/AccountBook.app/Contents/MacOS/AccountBook";
			};
			name = Debug;
		};
		F8EEA4B2269AA0D10067C5A4 /* Release */ = {
			isa = XCBuildConfiguration;
			buildSettings = {
				ALWAYS_EMBED_SWIFT_STANDARD_LIBRARIES = YES;
				BUNDLE_LOADER = "$(TEST_HOST)";
				CODE_SIGN_STYLE = Automatic;
				COMBINE_HIDPI_IMAGES = YES;
				DEVELOPMENT_TEAM = GM36ZRA62C;
				INFOPLIST_FILE = AccountBookTests/Info.plist;
				LD_RUNPATH_SEARCH_PATHS = (
					"$(inherited)",
					"@executable_path/../Frameworks",
					"@loader_path/../Frameworks",
				);
				MACOSX_DEPLOYMENT_TARGET = 11.0;
				PRODUCT_BUNDLE_IDENTIFIER = kkonishi.AccountBookTests;
				PRODUCT_NAME = "$(TARGET_NAME)";
				SWIFT_VERSION = 5.0;
				TEST_HOST = "$(BUILT_PRODUCTS_DIR)/AccountBook.app/Contents/MacOS/AccountBook";
			};
			name = Release;
		};
		F8EEA4B4269AA0D10067C5A4 /* Debug */ = {
			isa = XCBuildConfiguration;
			buildSettings = {
				ALWAYS_EMBED_SWIFT_STANDARD_LIBRARIES = YES;
				CODE_SIGN_STYLE = Automatic;
				COMBINE_HIDPI_IMAGES = YES;
				DEVELOPMENT_TEAM = GM36ZRA62C;
				INFOPLIST_FILE = AccountBookUITests/Info.plist;
				LD_RUNPATH_SEARCH_PATHS = (
					"$(inherited)",
					"@executable_path/../Frameworks",
					"@loader_path/../Frameworks",
				);
				PRODUCT_BUNDLE_IDENTIFIER = kkonishi.AccountBookUITests;
				PRODUCT_NAME = "$(TARGET_NAME)";
				SWIFT_VERSION = 5.0;
				TEST_TARGET_NAME = AccountBook;
			};
			name = Debug;
		};
		F8EEA4B5269AA0D10067C5A4 /* Release */ = {
			isa = XCBuildConfiguration;
			buildSettings = {
				ALWAYS_EMBED_SWIFT_STANDARD_LIBRARIES = YES;
				CODE_SIGN_STYLE = Automatic;
				COMBINE_HIDPI_IMAGES = YES;
				DEVELOPMENT_TEAM = GM36ZRA62C;
				INFOPLIST_FILE = AccountBookUITests/Info.plist;
				LD_RUNPATH_SEARCH_PATHS = (
					"$(inherited)",
					"@executable_path/../Frameworks",
					"@loader_path/../Frameworks",
				);
				PRODUCT_BUNDLE_IDENTIFIER = kkonishi.AccountBookUITests;
				PRODUCT_NAME = "$(TARGET_NAME)";
				SWIFT_VERSION = 5.0;
				TEST_TARGET_NAME = AccountBook;
			};
			name = Release;
		};
/* End XCBuildConfiguration section */

/* Begin XCConfigurationList section */
		F8EEA482269AA0CF0067C5A4 /* Build configuration list for PBXProject "AccountBook" */ = {
			isa = XCConfigurationList;
			buildConfigurations = (
				F8EEA4AB269AA0D10067C5A4 /* Debug */,
				F8EEA4AC269AA0D10067C5A4 /* Release */,
			);
			defaultConfigurationIsVisible = 0;
			defaultConfigurationName = Release;
		};
		F8EEA4AD269AA0D10067C5A4 /* Build configuration list for PBXNativeTarget "AccountBook" */ = {
			isa = XCConfigurationList;
			buildConfigurations = (
				F8EEA4AE269AA0D10067C5A4 /* Debug */,
				F8EEA4AF269AA0D10067C5A4 /* Release */,
			);
			defaultConfigurationIsVisible = 0;
			defaultConfigurationName = Release;
		};
		F8EEA4B0269AA0D10067C5A4 /* Build configuration list for PBXNativeTarget "AccountBookTests" */ = {
			isa = XCConfigurationList;
			buildConfigurations = (
				F8EEA4B1269AA0D10067C5A4 /* Debug */,
				F8EEA4B2269AA0D10067C5A4 /* Release */,
			);
			defaultConfigurationIsVisible = 0;
			defaultConfigurationName = Release;
		};
		F8EEA4B3269AA0D10067C5A4 /* Build configuration list for PBXNativeTarget "AccountBookUITests" */ = {
			isa = XCConfigurationList;
			buildConfigurations = (
				F8EEA4B4269AA0D10067C5A4 /* Debug */,
				F8EEA4B5269AA0D10067C5A4 /* Release */,
			);
			defaultConfigurationIsVisible = 0;
			defaultConfigurationName = Release;
		};
/* End XCConfigurationList section */

/* Begin XCRemoteSwiftPackageReference section */
		F8EEA4C6269AD5840067C5A4 /* XCRemoteSwiftPackageReference "swift-collections" */ = {
			isa = XCRemoteSwiftPackageReference;
			repositoryURL = "https://github.com/apple/swift-collections.git";
			requirement = {
				kind = upToNextMajorVersion;
				minimumVersion = 0.0.4;
			};
		};
/* End XCRemoteSwiftPackageReference section */

/* Begin XCSwiftPackageProductDependency section */
		F8EEA4C7269AD5840067C5A4 /* OrderedCollections */ = {
			isa = XCSwiftPackageProductDependency;
			package = F8EEA4C6269AD5840067C5A4 /* XCRemoteSwiftPackageReference "swift-collections" */;
			productName = OrderedCollections;
		};
/* End XCSwiftPackageProductDependency section */
	};
	rootObject = F8EEA47F269AA0CF0067C5A4 /* Project object */;
}
